Microsoft Visual Studio Solution File, Format Version 12.00
# Visual Studio 2013
VisualStudioVersion = 12.0.21005.1
MinimumVisualStudioVersion = 10.0.40219.1
Project("{FAE04EC0-301F-11D3-BF4B-00C04F79EFBC}") = "MyConsole", "MyConsole\MyConsole.csproj", "{A29BCA91-8562-47F9-8233-AEDABB8EA2CD}"
EndProject
Project("{2150E333-8FDC-42A3-9474-1A3956D46DE8}") = "测试", "测试", "{9AB71A22-7CAA-4E6B-8E10-DC1B9E9EF346}"
EndProject
Project("{2150E333-8FDC-42A3-9474-1A3956D46DE8}") = "WebAi", "WebAi", "{17CD9A3D-1492-4F64-81D9-40BDD2C648C7}"
EndProject
Project("{FAE04EC0-301F-11D3-BF4B-00C04F79EFBC}") = "WebService", "WebApi\WebService\WebService.csproj", "{FD9D786A-05E0-4786-A766-6F3EBD7F716E}"
EndProject
Project("{2150E333-8FDC-42A3-9474-1A3956D46DE8}") = "Models", "Models", "{0E006B73-083A-47D5-9017-0E0DCDEF889B}"
EndProject
Project("{FAE04EC0-301F-11D3-BF4B-00C04F79EFBC}") = "MeetingRoomModel", "Models\MeetingRoomModel\MeetingRoomModel.csproj", "{FA5DFF38-C7B5-46AF-AA87-D210C2BE56AB}"
EndProject
Project("{FAE04EC0-301F-11D3-BF4B-00C04F79EFBC}") = "ApiDemo", "WebApi\ApiDemo\ApiDemo.csproj", "{03DF8572-8571-466B-B665-166F3787C2E2}"
EndProject
Project("{FAE04EC0-301F-11D3-BF4B-00C04F79EFBC}") = "ProductOdata", "WebApi\ProductOdata\ProductOdata.csproj", "{D61A87F7-A8F8-4EA9-A3C1-CE997640EBE8}"
EndProject
Project("{FAE04EC0-301F-11D3-BF4B-00C04F79EFBC}") = "WebDemo", "WebApi\WebDemo\WebDemo.csproj", "{29C9295F-B9CF-4E15-B973-9201BA42D385}"
EndProject
Project("{2150E333-8FDC-42A3-9474-1A3956D46DE8}") = "FrameDesign", "FrameDesign", "{91E71E09-4EA7-4E26-ABE3-C52FC1768657}"
EndProject
Project("{FAE04EC0-301F-11D3-BF4B-00C04F79EFBC}") = "设计模式", "FrameDesign\设计模式\设计模式.csproj", "{7972D473-6B9C-4163-AB3C-949CA88A1215}"
EndProject
Project("{FAE04EC0-301F-11D3-BF4B-00C04F79EFBC}") = "ConsoleApplication", "FrameDesign\ConsoleApplication\ConsoleApplication.csproj", "{8F61E770-BCBF-437C-B18F-F977B17DB8CC}"
EndProject
Project("{2150E333-8FDC-42A3-9474-1A3956D46DE8}") = "Component", "Component", "{7F7308EA-7356-4991-99A3-EC153EB536B6}"
EndProject
Project("{FAE04EC0-301F-11D3-BF4B-00C04F79EFBC}") = "PluginMvc.Framework", "Component\PluginMvc.Framework\PluginMvc.Framework.csproj", "{A9C398A6-E41A-4C34-9FCE-6B7982FB53CA}"
EndProject
Project("{FAE04EC0-301F-11D3-BF4B-00C04F79EFBC}") = "Tools", "Component\Tools\Tools.csproj", "{84A3E816-7AF4-4860-80FC-412607502BAC}"
EndProject
Project("{2150E333-8FDC-42A3-9474-1A3956D46DE8}") = "Web", "Web", "{EB6059A2-9390-4B1C-9F45-9FC53E4AE711}"
EndProject
Project("{FAE04EC0-301F-11D3-BF4B-00C04F79EFBC}") = "Demo.Web", "Web\Demo.Web\Demo.Web.csproj", "{C5D6BEC6-B8BB-474F-98B5-B0CF91888C52}"
EndProject
Project("{FAE04EC0-301F-11D3-BF4B-00C04F79EFBC}") = "OdataService", "WebApi\OdataService\OdataService.csproj", "{5D1CE5FA-48C3-425C-B37E-263A5BA069BD}"
EndProject
Project("{FAE04EC0-301F-11D3-BF4B-00C04F79EFBC}") = "WcfServiceWeb", "Web\WcfServiceWeb\WcfServiceWeb.csproj", "{93CA63CD-F1B4-40E5-815C-8FA76D10EF7A}"
EndProject
Project("{FAE04EC0-301F-11D3-BF4B-00C04F79EFBC}") = "ClientWeb", "Web\ClintWeb\ClientWeb.csproj", "{F3120DD0-172B-4376-9ED4-35DDA50664BB}"
EndProject
Global
	GlobalSection(SubversionScc) = preSolution
		Svn-Managed = True
		Manager = AnkhSVN - Subversion Support for Visual Studio
	EndGlobalSection
	GlobalSection(SolutionConfigurationPlatforms) = preSolution
		Debug|Any CPU = Debug|Any CPU
		Release|Any CPU = Release|Any CPU
	EndGlobalSection
	GlobalSection(ProjectConfigurationPlatforms) = postSolution
		{A29BCA91-8562-47F9-8233-AEDABB8EA2CD}.Debug|Any CPU.ActiveCfg = Debug|Any CPU
		{A29BCA91-8562-47F9-8233-AEDABB8EA2CD}.Debug|Any CPU.Build.0 = Debug|Any CPU
		{A29BCA91-8562-47F9-8233-AEDABB8EA2CD}.Release|Any CPU.ActiveCfg = Release|Any CPU
		{A29BCA91-8562-47F9-8233-AEDABB8EA2CD}.Release|Any CPU.Build.0 = Release|Any CPU
		{FD9D786A-05E0-4786-A766-6F3EBD7F716E}.Debug|Any CPU.ActiveCfg = Debug|Any CPU
		{FD9D786A-05E0-4786-A766-6F3EBD7F716E}.Debug|Any CPU.Build.0 = Debug|Any CPU
		{FD9D786A-05E0-4786-A766-6F3EBD7F716E}.Release|Any CPU.ActiveCfg = Release|Any CPU
		{FD9D786A-05E0-4786-A766-6F3EBD7F716E}.Release|Any CPU.Build.0 = Release|Any CPU
		{FA5DFF38-C7B5-46AF-AA87-D210C2BE56AB}.Debug|Any CPU.ActiveCfg = Debug|Any CPU
		{FA5DFF38-C7B5-46AF-AA87-D210C2BE56AB}.Debug|Any CPU.Build.0 = Debug|Any CPU
		{FA5DFF38-C7B5-46AF-AA87-D210C2BE56AB}.Release|Any CPU.ActiveCfg = Release|Any CPU
		{FA5DFF38-C7B5-46AF-AA87-D210C2BE56AB}.Release|Any CPU.Build.0 = Release|Any CPU
		{03DF8572-8571-466B-B665-166F3787C2E2}.Debug|Any CPU.ActiveCfg = Debug|Any CPU
		{03DF8572-8571-466B-B665-166F3787C2E2}.Debug|Any CPU.Build.0 = Debug|Any CPU
		{03DF8572-8571-466B-B665-166F3787C2E2}.Release|Any CPU.ActiveCfg = Release|Any CPU
		{03DF8572-8571-466B-B665-166F3787C2E2}.Release|Any CPU.Build.0 = Release|Any CPU
		{D61A87F7-A8F8-4EA9-A3C1-CE997640EBE8}.Debug|Any CPU.ActiveCfg = Debug|Any CPU
		{D61A87F7-A8F8-4EA9-A3C1-CE997640EBE8}.Debug|Any CPU.Build.0 = Debug|Any CPU
		{D61A87F7-A8F8-4EA9-A3C1-CE997640EBE8}.Release|Any CPU.ActiveCfg = Release|Any CPU
		{D61A87F7-A8F8-4EA9-A3C1-CE997640EBE8}.Release|Any CPU.Build.0 = Release|Any CPU
		{29C9295F-B9CF-4E15-B973-9201BA42D385}.Debug|Any CPU.ActiveCfg = Debug|Any CPU
		{29C9295F-B9CF-4E15-B973-9201BA42D385}.Debug|Any CPU.Build.0 = Debug|Any CPU
		{29C9295F-B9CF-4E15-B973-9201BA42D385}.Release|Any CPU.ActiveCfg = Release|Any CPU
		{29C9295F-B9CF-4E15-B973-9201BA42D385}.Release|Any CPU.Build.0 = Release|Any CPU
		{7972D473-6B9C-4163-AB3C-949CA88A1215}.Debug|Any CPU.ActiveCfg = Debug|Any CPU
		{7972D473-6B9C-4163-AB3C-949CA88A1215}.Debug|Any CPU.Build.0 = Debug|Any CPU
		{7972D473-6B9C-4163-AB3C-949CA88A1215}.Release|Any CPU.ActiveCfg = Release|Any CPU
		{7972D473-6B9C-4163-AB3C-949CA88A1215}.Release|Any CPU.Build.0 = Release|Any CPU
		{8F61E770-BCBF-437C-B18F-F977B17DB8CC}.Debug|Any CPU.ActiveCfg = Debug|Any CPU
		{8F61E770-BCBF-437C-B18F-F977B17DB8CC}.Debug|Any CPU.Build.0 = Debug|Any CPU
		{8F61E770-BCBF-437C-B18F-F977B17DB8CC}.Release|Any CPU.ActiveCfg = Release|Any CPU
		{8F61E770-BCBF-437C-B18F-F977B17DB8CC}.Release|Any CPU.Build.0 = Release|Any CPU
		{A9C398A6-E41A-4C34-9FCE-6B7982FB53CA}.Debug|Any CPU.ActiveCfg = Debug|Any CPU
		{A9C398A6-E41A-4C34-9FCE-6B7982FB53CA}.Debug|Any CPU.Build.0 = Debug|Any CPU
		{A9C398A6-E41A-4C34-9FCE-6B7982FB53CA}.Release|Any CPU.ActiveCfg = Release|Any CPU
		{A9C398A6-E41A-4C34-9FCE-6B7982FB53CA}.Release|Any CPU.Build.0 = Release|Any CPU
		{84A3E816-7AF4-4860-80FC-412607502BAC}.Debug|Any CPU.ActiveCfg = Debug|Any CPU
		{84A3E816-7AF4-4860-80FC-412607502BAC}.Debug|Any CPU.Build.0 = Debug|Any CPU
		{84A3E816-7AF4-4860-80FC-412607502BAC}.Release|Any CPU.ActiveCfg = Release|Any CPU
		{84A3E816-7AF4-4860-80FC-412607502BAC}.Release|Any CPU.Build.0 = Release|Any CPU
		{C5D6BEC6-B8BB-474F-98B5-B0CF91888C52}.Debug|Any CPU.ActiveCfg = Debug|Any CPU
		{C5D6BEC6-B8BB-474F-98B5-B0CF91888C52}.Debug|Any CPU.Build.0 = Debug|Any CPU
		{C5D6BEC6-B8BB-474F-98B5-B0CF91888C52}.Release|Any CPU.ActiveCfg = Release|Any CPU
		{C5D6BEC6-B8BB-474F-98B5-B0CF91888C52}.Release|Any CPU.Build.0 = Release|Any CPU
		{5D1CE5FA-48C3-425C-B37E-263A5BA069BD}.Debug|Any CPU.ActiveCfg = Debug|Any CPU
		{5D1CE5FA-48C3-425C-B37E-263A5BA069BD}.Debug|Any CPU.Build.0 = Debug|Any CPU
		{5D1CE5FA-48C3-425C-B37E-263A5BA069BD}.Release|Any CPU.ActiveCfg = Release|Any CPU
		{5D1CE5FA-48C3-425C-B37E-263A5BA069BD}.Release|Any CPU.Build.0 = Release|Any CPU
		{93CA63CD-F1B4-40E5-815C-8FA76D10EF7A}.Debug|Any CPU.ActiveCfg = Debug|Any CPU
		{93CA63CD-F1B4-40E5-815C-8FA76D10EF7A}.Debug|Any CPU.Build.0 = Debug|Any CPU
		{93CA63CD-F1B4-40E5-815C-8FA76D10EF7A}.Release|Any CPU.ActiveCfg = Release|Any CPU
		{93CA63CD-F1B4-40E5-815C-8FA76D10EF7A}.Release|Any CPU.Build.0 = Release|Any CPU
		{F3120DD0-172B-4376-9ED4-35DDA50664BB}.Debug|Any CPU.ActiveCfg = Debug|Any CPU
		{F3120DD0-172B-4376-9ED4-35DDA50664BB}.Debug|Any CPU.Build.0 = Debug|Any CPU
		{F3120DD0-172B-4376-9ED4-35DDA50664BB}.Release|Any CPU.ActiveCfg = Release|Any CPU
		{F3120DD0-172B-4376-9ED4-35DDA50664BB}.Release|Any CPU.Build.0 = Release|Any CPU
	EndGlobalSection
	GlobalSection(SolutionProperties) = preSolution
		HideSolutionNode = FALSE
	EndGlobalSection
	GlobalSection(NestedProjects) = preSolution
		{FD9D786A-05E0-4786-A766-6F3EBD7F716E} = {17CD9A3D-1492-4F64-81D9-40BDD2C648C7}
		{03DF8572-8571-466B-B665-166F3787C2E2} = {17CD9A3D-1492-4F64-81D9-40BDD2C648C7}
		{D61A87F7-A8F8-4EA9-A3C1-CE997640EBE8} = {17CD9A3D-1492-4F64-81D9-40BDD2C648C7}
		{29C9295F-B9CF-4E15-B973-9201BA42D385} = {17CD9A3D-1492-4F64-81D9-40BDD2C648C7}
		{5D1CE5FA-48C3-425C-B37E-263A5BA069BD} = {17CD9A3D-1492-4F64-81D9-40BDD2C648C7}
		{FA5DFF38-C7B5-46AF-AA87-D210C2BE56AB} = {0E006B73-083A-47D5-9017-0E0DCDEF889B}
		{7972D473-6B9C-4163-AB3C-949CA88A1215} = {91E71E09-4EA7-4E26-ABE3-C52FC1768657}
		{8F61E770-BCBF-437C-B18F-F977B17DB8CC} = {91E71E09-4EA7-4E26-ABE3-C52FC1768657}
		{A9C398A6-E41A-4C34-9FCE-6B7982FB53CA} = {7F7308EA-7356-4991-99A3-EC153EB536B6}
		{84A3E816-7AF4-4860-80FC-412607502BAC} = {7F7308EA-7356-4991-99A3-EC153EB536B6}
		{C5D6BEC6-B8BB-474F-98B5-B0CF91888C52} = {EB6059A2-9390-4B1C-9F45-9FC53E4AE711}
		{93CA63CD-F1B4-40E5-815C-8FA76D10EF7A} = {EB6059A2-9390-4B1C-9F45-9FC53E4AE711}
		{F3120DD0-172B-4376-9ED4-35DDA50664BB} = {EB6059A2-9390-4B1C-9F45-9FC53E4AE711}
	EndGlobalSection
EndGlobal
